
Microsoft Visual Studio Solution File, Format Version 12.00
# Visual Studio Version 17
VisualStudioVersion = 17.3.32922.545
MinimumVisualStudioVersion = 10.0.40219.1
Project("{FAE04EC0-301F-11D3-BF4B-00C04F79EFBC}") = "GB18030", "GB18030.csproj", "{619BE6AF-9DD3-4DA7-9451-962FD3241F90}"
EndProject
Global
	GlobalSection(SolutionConfigurationPlatforms) = preSolution
		Debug|Any CPU = Debug|Any CPU
		Release|Any CPU = Release|Any CPU
	EndGlobalSection
	GlobalSection(ProjectConfigurationPlatforms) = postSolution
		{619BE6AF-9DD3-4DA7-9451-962FD3241F90}.Debug|Any CPU.ActiveCfg = Debug|Any CPU
		{619BE6AF-9DD3-4DA7-9451-962FD3241F90}.Debug|Any CPU.Build.0 = Debug|Any CPU
		{619BE6AF-9DD3-4DA7-9451-962FD3241F90}.Release|Any CPU.ActiveCfg = Release|Any CPU
		{619BE6AF-9DD3-4DA7-9451-962FD3241F90}.Release|Any CPU.Build.0 = Release|Any CPU
	EndGlobalSection
	GlobalSection(SolutionProperties) = preSolution
		HideSolutionNode = FALSE
	EndGlobalSection
	GlobalSection(ExtensibilityGlobals) = postSolution
		SolutionGuid = {3AD31D2C-EC84-47BE-9DA8-A2D0B28690F7}
	EndGlobalSection
EndGlobal
